
Microsoft Visual Studio Solution File, Format Version 12.00
# Visual Studio Version 17
VisualStudioVersion = 17.6.33815.320
MinimumVisualStudioVersion = 10.0.40219.1
Project("{FAE04EC0-301F-11D3-BF4B-00C04F79EFBC}") = "DevKit", "DevKit\DevKit.csproj", "{7D8F7E54-FDC4-4672-AF6A-F40294D8FE84}"
EndProject
Project("{FAE04EC0-301F-11D3-BF4B-00C04F79EFBC}") = "KarlsonMP", "KarlsonMP\KarlsonMP.csproj", "{36F2A8FD-1068-4262-9DB8-7565232BBE28}"
EndProject
Project("{9A19103F-16F7-4668-BE54-9A1E7A4F7556}") = "ServerNET_CORE", "ServerNET_CORE\ServerNET_CORE.csproj", "{C9DCE579-EC60-466E-8836-56836519F9FC}"
EndProject
Project("{FAE04EC0-301F-11D3-BF4B-00C04F79EFBC}") = "Kernel", "Kernel\Kernel.csproj", "{38EE1C83-99FB-40E4-8549-D035C4BA9026}"
EndProject
Project("{FAE04EC0-301F-11D3-BF4B-00C04F79EFBC}") = "Preloader", "Preloader\Preloader.csproj", "{23655362-18A2-4838-A78E-FDDB3A36DFE0}"
EndProject
Global
	GlobalSection(SolutionConfigurationPlatforms) = preSolution
		Debug|Any CPU = Debug|Any CPU
		Debug|KarlsonMP = Debug|KarlsonMP
		Release|Any CPU = Release|Any CPU
		Release|KarlsonMP = Release|KarlsonMP
	EndGlobalSection
	GlobalSection(ProjectConfigurationPlatforms) = postSolution
		{7D8F7E54-FDC4-4672-AF6A-F40294D8FE84}.Debug|Any CPU.ActiveCfg = Debug|Any CPU
		{7D8F7E54-FDC4-4672-AF6A-F40294D8FE84}.Debug|Any CPU.Build.0 = Debug|Any CPU
		{7D8F7E54-FDC4-4672-AF6A-F40294D8FE84}.Debug|KarlsonMP.ActiveCfg = Debug|Any CPU
		{7D8F7E54-FDC4-4672-AF6A-F40294D8FE84}.Debug|KarlsonMP.Build.0 = Debug|Any CPU
		{7D8F7E54-FDC4-4672-AF6A-F40294D8FE84}.Release|Any CPU.ActiveCfg = Release|Any CPU
		{7D8F7E54-FDC4-4672-AF6A-F40294D8FE84}.Release|Any CPU.Build.0 = Release|Any CPU
		{7D8F7E54-FDC4-4672-AF6A-F40294D8FE84}.Release|KarlsonMP.ActiveCfg = Release|x64
		{7D8F7E54-FDC4-4672-AF6A-F40294D8FE84}.Release|KarlsonMP.Build.0 = Release|x64
		{36F2A8FD-1068-4262-9DB8-7565232BBE28}.Debug|Any CPU.ActiveCfg = Debug|Any CPU
		{36F2A8FD-1068-4262-9DB8-7565232BBE28}.Debug|Any CPU.Build.0 = Debug|Any CPU
		{36F2A8FD-1068-4262-9DB8-7565232BBE28}.Debug|KarlsonMP.ActiveCfg = Debug|Any CPU
		{36F2A8FD-1068-4262-9DB8-7565232BBE28}.Debug|KarlsonMP.Build.0 = Debug|Any CPU
		{36F2A8FD-1068-4262-9DB8-7565232BBE28}.Release|Any CPU.ActiveCfg = Release|Any CPU
		{36F2A8FD-1068-4262-9DB8-7565232BBE28}.Release|Any CPU.Build.0 = Release|Any CPU
		{36F2A8FD-1068-4262-9DB8-7565232BBE28}.Release|KarlsonMP.ActiveCfg = Release|Any CPU
		{36F2A8FD-1068-4262-9DB8-7565232BBE28}.Release|KarlsonMP.Build.0 = Release|Any CPU
		{C9DCE579-EC60-466E-8836-56836519F9FC}.Debug|Any CPU.ActiveCfg = Debug|Any CPU
		{C9DCE579-EC60-466E-8836-56836519F9FC}.Debug|Any CPU.Build.0 = Debug|Any CPU
		{C9DCE579-EC60-466E-8836-56836519F9FC}.Debug|KarlsonMP.ActiveCfg = Debug|Any CPU
		{C9DCE579-EC60-466E-8836-56836519F9FC}.Debug|KarlsonMP.Build.0 = Debug|Any CPU
		{C9DCE579-EC60-466E-8836-56836519F9FC}.Release|Any CPU.ActiveCfg = Release|Any CPU
		{C9DCE579-EC60-466E-8836-56836519F9FC}.Release|Any CPU.Build.0 = Release|Any CPU
		{C9DCE579-EC60-466E-8836-56836519F9FC}.Release|KarlsonMP.ActiveCfg = Release|Any CPU
		{C9DCE579-EC60-466E-8836-56836519F9FC}.Release|KarlsonMP.Build.0 = Release|Any CPU
		{38EE1C83-99FB-40E4-8549-D035C4BA9026}.Debug|Any CPU.ActiveCfg = Debug|Any CPU
		{38EE1C83-99FB-40E4-8549-D035C4BA9026}.Debug|Any CPU.Build.0 = Debug|Any CPU
		{38EE1C83-99FB-40E4-8549-D035C4BA9026}.Debug|KarlsonMP.ActiveCfg = Debug|Any CPU
		{38EE1C83-99FB-40E4-8549-D035C4BA9026}.Debug|KarlsonMP.Build.0 = Debug|Any CPU
		{38EE1C83-99FB-40E4-8549-D035C4BA9026}.Release|Any CPU.ActiveCfg = Release|Any CPU
		{38EE1C83-99FB-40E4-8549-D035C4BA9026}.Release|Any CPU.Build.0 = Release|Any CPU
		{38EE1C83-99FB-40E4-8549-D035C4BA9026}.Release|KarlsonMP.ActiveCfg = Release|Any CPU
		{38EE1C83-99FB-40E4-8549-D035C4BA9026}.Release|KarlsonMP.Build.0 = Release|Any CPU
		{23655362-18A2-4838-A78E-FDDB3A36DFE0}.Debug|Any CPU.ActiveCfg = Debug|Any CPU
		{23655362-18A2-4838-A78E-FDDB3A36DFE0}.Debug|Any CPU.Build.0 = Debug|Any CPU
		{23655362-18A2-4838-A78E-FDDB3A36DFE0}.Debug|KarlsonMP.ActiveCfg = Debug|Any CPU
		{23655362-18A2-4838-A78E-FDDB3A36DFE0}.Debug|KarlsonMP.Build.0 = Debug|Any CPU
		{23655362-18A2-4838-A78E-FDDB3A36DFE0}.Release|Any CPU.ActiveCfg = Release|Any CPU
		{23655362-18A2-4838-A78E-FDDB3A36DFE0}.Release|Any CPU.Build.0 = Release|Any CPU
		{23655362-18A2-4838-A78E-FDDB3A36DFE0}.Release|KarlsonMP.ActiveCfg = Release|Any CPU
		{23655362-18A2-4838-A78E-FDDB3A36DFE0}.Release|KarlsonMP.Build.0 = Release|Any CPU
	EndGlobalSection
	GlobalSection(SolutionProperties) = preSolution
		HideSolutionNode = FALSE
	EndGlobalSection
	GlobalSection(ExtensibilityGlobals) = postSolution
		SolutionGuid = {1ADF12F3-5B30-4194-861C-750025A008F7}
	EndGlobalSection
EndGlobal
