
Microsoft Visual Studio Solution File, Format Version 12.00
# Visual Studio Version 17
VisualStudioVersion = 17.6.33815.320
MinimumVisualStudioVersion = 10.0.40219.1
Project("{FAE04EC0-301F-11D3-BF4B-00C04F79EFBC}") = "DevKit", "DevKit\DevKit.csproj", "{7D8F7E54-FDC4-4672-AF6A-F40294D8FE84}"
EndProject
Project("{FAE04EC0-301F-11D3-BF4B-00C04F79EFBC}") = "Launcher", "Launcher\Launcher.csproj", "{EE1932FF-30D5-4F4C-BFD3-3C594201D91B}"
EndProject
Project("{FAE04EC0-301F-11D3-BF4B-00C04F79EFBC}") = "Kernel", "Kernel\Kernel.csproj", "{DABB6013-1FF1-45EE-99A5-660A32F50C71}"
EndProject
Project("{FAE04EC0-301F-11D3-BF4B-00C04F79EFBC}") = "KarlsonMP", "KarlsonMP\KarlsonMP.csproj", "{36F2A8FD-1068-4262-9DB8-7565232BBE28}"
EndProject
Project("{FAE04EC0-301F-11D3-BF4B-00C04F79EFBC}") = "Server", "Server\Server.csproj", "{36C54C52-6B2A-4D08-B617-4CCBEE68F369}"
EndProject
Project("{FAE04EC0-301F-11D3-BF4B-00C04F79EFBC}") = "MelonLoaderDummyLoader", "MelonLoaderDummyLoader\MelonLoaderDummyLoader.csproj", "{AD197C00-8369-4EA7-83CC-F57F698BC726}"
EndProject
Global
	GlobalSection(SolutionConfigurationPlatforms) = preSolution
		Debug|Any CPU = Debug|Any CPU
		Debug|KarlsonMP = Debug|KarlsonMP
		Release|Any CPU = Release|Any CPU
		Release|KarlsonMP = Release|KarlsonMP
	EndGlobalSection
	GlobalSection(ProjectConfigurationPlatforms) = postSolution
		{7D8F7E54-FDC4-4672-AF6A-F40294D8FE84}.Debug|Any CPU.ActiveCfg = Debug|Any CPU
		{7D8F7E54-FDC4-4672-AF6A-F40294D8FE84}.Debug|Any CPU.Build.0 = Debug|Any CPU
		{7D8F7E54-FDC4-4672-AF6A-F40294D8FE84}.Debug|KarlsonMP.ActiveCfg = Debug|Any CPU
		{7D8F7E54-FDC4-4672-AF6A-F40294D8FE84}.Debug|KarlsonMP.Build.0 = Debug|Any CPU
		{7D8F7E54-FDC4-4672-AF6A-F40294D8FE84}.Release|Any CPU.ActiveCfg = Release|Any CPU
		{7D8F7E54-FDC4-4672-AF6A-F40294D8FE84}.Release|Any CPU.Build.0 = Release|Any CPU
		{7D8F7E54-FDC4-4672-AF6A-F40294D8FE84}.Release|KarlsonMP.ActiveCfg = Release|x64
		{7D8F7E54-FDC4-4672-AF6A-F40294D8FE84}.Release|KarlsonMP.Build.0 = Release|x64
		{EE1932FF-30D5-4F4C-BFD3-3C594201D91B}.Debug|Any CPU.ActiveCfg = Debug|Any CPU
		{EE1932FF-30D5-4F4C-BFD3-3C594201D91B}.Debug|Any CPU.Build.0 = Debug|Any CPU
		{EE1932FF-30D5-4F4C-BFD3-3C594201D91B}.Debug|KarlsonMP.ActiveCfg = Debug|Any CPU
		{EE1932FF-30D5-4F4C-BFD3-3C594201D91B}.Debug|KarlsonMP.Build.0 = Debug|Any CPU
		{EE1932FF-30D5-4F4C-BFD3-3C594201D91B}.Release|Any CPU.ActiveCfg = Release|Any CPU
		{EE1932FF-30D5-4F4C-BFD3-3C594201D91B}.Release|Any CPU.Build.0 = Release|Any CPU
		{EE1932FF-30D5-4F4C-BFD3-3C594201D91B}.Release|KarlsonMP.ActiveCfg = Release|x64
		{EE1932FF-30D5-4F4C-BFD3-3C594201D91B}.Release|KarlsonMP.Build.0 = Release|x64
		{DABB6013-1FF1-45EE-99A5-660A32F50C71}.Debug|Any CPU.ActiveCfg = Release|x64
		{DABB6013-1FF1-45EE-99A5-660A32F50C71}.Debug|Any CPU.Build.0 = Release|x64
		{DABB6013-1FF1-45EE-99A5-660A32F50C71}.Debug|KarlsonMP.ActiveCfg = Release|x64
		{DABB6013-1FF1-45EE-99A5-660A32F50C71}.Debug|KarlsonMP.Build.0 = Release|x64
		{DABB6013-1FF1-45EE-99A5-660A32F50C71}.Release|Any CPU.ActiveCfg = Release|x64
		{DABB6013-1FF1-45EE-99A5-660A32F50C71}.Release|Any CPU.Build.0 = Release|x64
		{DABB6013-1FF1-45EE-99A5-660A32F50C71}.Release|KarlsonMP.ActiveCfg = Release|x64
		{DABB6013-1FF1-45EE-99A5-660A32F50C71}.Release|KarlsonMP.Build.0 = Release|x64
		{36F2A8FD-1068-4262-9DB8-7565232BBE28}.Debug|Any CPU.ActiveCfg = Debug|Any CPU
		{36F2A8FD-1068-4262-9DB8-7565232BBE28}.Debug|Any CPU.Build.0 = Debug|Any CPU
		{36F2A8FD-1068-4262-9DB8-7565232BBE28}.Debug|KarlsonMP.ActiveCfg = Debug|Any CPU
		{36F2A8FD-1068-4262-9DB8-7565232BBE28}.Debug|KarlsonMP.Build.0 = Debug|Any CPU
		{36F2A8FD-1068-4262-9DB8-7565232BBE28}.Release|Any CPU.ActiveCfg = Release|Any CPU
		{36F2A8FD-1068-4262-9DB8-7565232BBE28}.Release|Any CPU.Build.0 = Release|Any CPU
		{36F2A8FD-1068-4262-9DB8-7565232BBE28}.Release|KarlsonMP.ActiveCfg = Release|Any CPU
		{36F2A8FD-1068-4262-9DB8-7565232BBE28}.Release|KarlsonMP.Build.0 = Release|Any CPU
		{36C54C52-6B2A-4D08-B617-4CCBEE68F369}.Debug|Any CPU.ActiveCfg = Debug|Any CPU
		{36C54C52-6B2A-4D08-B617-4CCBEE68F369}.Debug|Any CPU.Build.0 = Debug|Any CPU
		{36C54C52-6B2A-4D08-B617-4CCBEE68F369}.Debug|KarlsonMP.ActiveCfg = Debug|Any CPU
		{36C54C52-6B2A-4D08-B617-4CCBEE68F369}.Debug|KarlsonMP.Build.0 = Debug|Any CPU
		{36C54C52-6B2A-4D08-B617-4CCBEE68F369}.Release|Any CPU.ActiveCfg = Release|Any CPU
		{36C54C52-6B2A-4D08-B617-4CCBEE68F369}.Release|Any CPU.Build.0 = Release|Any CPU
		{36C54C52-6B2A-4D08-B617-4CCBEE68F369}.Release|KarlsonMP.ActiveCfg = Release|Any CPU
		{36C54C52-6B2A-4D08-B617-4CCBEE68F369}.Release|KarlsonMP.Build.0 = Release|Any CPU
		{AD197C00-8369-4EA7-83CC-F57F698BC726}.Debug|Any CPU.ActiveCfg = Debug|Any CPU
		{AD197C00-8369-4EA7-83CC-F57F698BC726}.Debug|Any CPU.Build.0 = Debug|Any CPU
		{AD197C00-8369-4EA7-83CC-F57F698BC726}.Debug|KarlsonMP.ActiveCfg = Debug|Any CPU
		{AD197C00-8369-4EA7-83CC-F57F698BC726}.Debug|KarlsonMP.Build.0 = Debug|Any CPU
		{AD197C00-8369-4EA7-83CC-F57F698BC726}.Release|Any CPU.ActiveCfg = Release|Any CPU
		{AD197C00-8369-4EA7-83CC-F57F698BC726}.Release|Any CPU.Build.0 = Release|Any CPU
		{AD197C00-8369-4EA7-83CC-F57F698BC726}.Release|KarlsonMP.ActiveCfg = Release|Any CPU
		{AD197C00-8369-4EA7-83CC-F57F698BC726}.Release|KarlsonMP.Build.0 = Release|Any CPU
	EndGlobalSection
	GlobalSection(SolutionProperties) = preSolution
		HideSolutionNode = FALSE
	EndGlobalSection
	GlobalSection(ExtensibilityGlobals) = postSolution
		SolutionGuid = {1ADF12F3-5B30-4194-861C-750025A008F7}
	EndGlobalSection
EndGlobal
